{
  "name": "moysklad-doc-update-trigger",
  "version": "1.0.0",
  "lockfileVersion": 3,
  "requires": true,
  "packages": {
    "": {
      "name": "moysklad-doc-update-trigger",
      "version": "1.0.0",
      "license": "ISC",
      "dependencies": {
        "dotenv": "^16.0.3",
        "envalid": "^7.3.1",
        "moysklad": "^0.11.1",
        "undici": "^5.13.0"
      },
      "devDependencies": {
        "@tsconfig/node-lts-strictest-esm": "^18.12.1",
        "@types/node": "^18.11.11",
        "moysklad-api-model": "^2.1.1"
      },
      "engines": {
        "node": ">=14.16"
      }
    },
    "node_modules/@tsconfig/node-lts-strictest-esm": {
      "version": "18.12.1",
      "resolved": "https://registry.npmjs.org/@tsconfig/node-lts-strictest-esm/-/node-lts-strictest-esm-18.12.1.tgz",
      "integrity": "sha512-LvBLmaC6Q/txTddLc11OeMHF9XjJFzlilkETJuvBlUvHy9pPiMsoH3nxWZM1FMSO53zp4mJP6gzOzxKEq0me7Q==",
      "dev": true
    },
    "node_modules/@types/node": {
      "version": "18.11.11",
      "resolved": "https://registry.npmjs.org/@types/node/-/node-18.11.11.tgz",
      "integrity": "sha512-KJ021B1nlQUBLopzZmPBVuGU9un7WJd/W4ya7Ih02B4Uwky5Nja0yGYav2EfYIk0RR2Q9oVhf60S2XR1BCWJ2g==",
      "dev": true
    },
    "node_modules/@wmakeev/base64encode": {
      "version": "2.0.1",
      "resolved": "https://registry.npmjs.org/@wmakeev/base64encode/-/base64encode-2.0.1.tgz",
      "integrity": "sha512-S5ESDETP5aqRKcvY5igEGC/KVjmmb34x9L8uwyMEz9T1vtMOFD3apMGxlO3sZXTVwKrAsX2a+V3BitTYew3cSw==",
      "engines": {
        "node": ">=10"
      }
    },
    "node_modules/busboy": {
      "version": "1.6.0",
      "resolved": "https://registry.npmjs.org/busboy/-/busboy-1.6.0.tgz",
      "integrity": "sha512-8SFQbg/0hQ9xy3UNTB0YEnsNBbWfhf7RtnzpL7TkBiTBRfrQ9Fxcnz7VJsleJpyp6rVLvXiuORqjlHi5q+PYuA==",
      "dependencies": {
        "streamsearch": "^1.1.0"
      },
      "engines": {
        "node": ">=10.16.0"
      }
    },
    "node_modules/dotenv": {
      "version": "16.0.3",
      "resolved": "https://registry.npmjs.org/dotenv/-/dotenv-16.0.3.tgz",
      "integrity": "sha512-7GO6HghkA5fYG9TYnNxi14/7K9f5occMlp3zXAuSxn7CKCxt9xbNWG7yF8hTCSUchlfWSe3uLmlPfigevRItzQ==",
      "engines": {
        "node": ">=12"
      }
    },
    "node_modules/envalid": {
      "version": "7.3.1",
      "resolved": "https://registry.npmjs.org/envalid/-/envalid-7.3.1.tgz",
      "integrity": "sha512-KL1YRwn8WcoF/Ty7t+yLLtZol01xr9ZJMTjzoGRM8NaSU+nQQjSWOQKKJhJP2P57bpdakJ9jbxqQX4fGTOicZg==",
      "dependencies": {
        "tslib": "2.3.1"
      },
      "engines": {
        "node": ">=8.12"
      }
    },
    "node_modules/have2": {
      "version": "1.0.0-beta.1",
      "resolved": "https://registry.npmjs.org/have2/-/have2-1.0.0-beta.1.tgz",
      "integrity": "sha512-kO8LJN42AQX87ZcSqsVtUtxPvI1rviujlWqA7Dspb5n80KT9jB9ZH8ur0KmFcrmNQ/yTdv+3eFvcTcJxV2AM/g=="
    },
    "node_modules/moysklad": {
      "version": "0.11.1",
      "resolved": "https://registry.npmjs.org/moysklad/-/moysklad-0.11.1.tgz",
      "integrity": "sha512-9+LMjEiB0VtpnQFMItAf4Z+fTJqKbnQLjiSz0chlggEFZ4rW25EeMBOZgnJfTWc+8XHmokDM1Jzlqc0E3mg4WQ==",
      "dependencies": {
        "@wmakeev/base64encode": "^2.0.1",
        "have2": "1.0.0-beta.1",
        "stampit": "^4.3.2"
      },
      "engines": {
        "node": ">=16.8"
      }
    },
    "node_modules/moysklad-api-model": {
      "version": "2.1.1",
      "resolved": "https://registry.npmjs.org/moysklad-api-model/-/moysklad-api-model-2.1.1.tgz",
      "integrity": "sha512-ptCHvNh8ox5hDF6JC+F7MijYXaMWq1oMuasn+z6i+fJtCLG3OprwaSP6QH4w/MKkMjzm+cKdvpH5vdgvn3hQAA==",
      "dev": true
    },
    "node_modules/stampit": {
      "version": "4.3.2",
      "resolved": "https://registry.npmjs.org/stampit/-/stampit-4.3.2.tgz",
      "integrity": "sha512-pE2org1+ZWQBnIxRPrBM2gVupkuDD0TTNIo1H6GdT/vO82NXli2z8lRE8cu/nBIHrcOCXFBAHpb9ZldrB2/qOA=="
    },
    "node_modules/streamsearch": {
      "version": "1.1.0",
      "resolved": "https://registry.npmjs.org/streamsearch/-/streamsearch-1.1.0.tgz",
      "integrity": "sha512-Mcc5wHehp9aXz1ax6bZUyY5afg9u2rv5cqQI3mRrYkGC8rW2hM02jWuwjtL++LS5qinSyhj2QfLyNsuc+VsExg==",
      "engines": {
        "node": ">=10.0.0"
      }
    },
    "node_modules/tslib": {
      "version": "2.3.1",
      "resolved": "https://registry.npmjs.org/tslib/-/tslib-2.3.1.tgz",
      "integrity": "sha512-77EbyPPpMz+FRFRuAFlWMtmgUWGe9UOG2Z25NqCwiIjRhOf5iKGuzSe5P2w1laq+FkRy4p+PCuVkJSGkzTEKVw=="
    },
    "node_modules/undici": {
      "version": "5.13.0",
      "resolved": "https://registry.npmjs.org/undici/-/undici-5.13.0.tgz",
      "integrity": "sha512-UDZKtwb2k7KRsK4SdXWG7ErXiL7yTGgLWvk2AXO1JMjgjh404nFo6tWSCM2xMpJwMPx3J8i/vfqEh1zOqvj82Q==",
      "dependencies": {
        "busboy": "^1.6.0"
      },
      "engines": {
        "node": ">=12.18"
      }
    }
  }
}
